
Microsoft Visual Studio Solution File, Format Version 12.00
# Visual Studio 15
VisualStudioVersion = 15.0.28307.168
MinimumVisualStudioVersion = 10.0.40219.1
Project("{FAE04EC0-301F-11D3-BF4B-00C04F79EFBC}") = "DifuseBomb.Android", "DifuseBomb\DifuseBomb.Android\DifuseBomb.Android.csproj", "{ADB850DC-0AF3-41E1-89E2-C85B9808766C}"
EndProject
Project("{FAE04EC0-301F-11D3-BF4B-00C04F79EFBC}") = "DifuseBomb.iOS", "DifuseBomb\DifuseBomb.iOS\DifuseBomb.iOS.csproj", "{4983B9EF-0A8D-4DEC-80E1-D616FC629CFB}"
EndProject
Project("{FAE04EC0-301F-11D3-BF4B-00C04F79EFBC}") = "DifuseBomb.UWP", "DifuseBomb\DifuseBomb.UWP\DifuseBomb.UWP.csproj", "{B68D9010-A99B-4CB8-A565-6C64120BBB9A}"
EndProject
Project("{FAE04EC0-301F-11D3-BF4B-00C04F79EFBC}") = "DifuseBomb", "DifuseBomb\DifuseBomb\DifuseBomb.csproj", "{C965A75C-CA0D-431E-A56D-77245AD2E87A}"
EndProject
Global
	GlobalSection(SolutionConfigurationPlatforms) = preSolution
		Ad-Hoc|Any CPU = Ad-Hoc|Any CPU
		Ad-Hoc|ARM = Ad-Hoc|ARM
		Ad-Hoc|iPhone = Ad-Hoc|iPhone
		Ad-Hoc|iPhoneSimulator = Ad-Hoc|iPhoneSimulator
		Ad-Hoc|x64 = Ad-Hoc|x64
		Ad-Hoc|x86 = Ad-Hoc|x86
		AppStore|Any CPU = AppStore|Any CPU
		AppStore|ARM = AppStore|ARM
		AppStore|iPhone = AppStore|iPhone
		AppStore|iPhoneSimulator = AppStore|iPhoneSimulator
		AppStore|x64 = AppStore|x64
		AppStore|x86 = AppStore|x86
		Debug|Any CPU = Debug|Any CPU
		Debug|ARM = Debug|ARM
		Debug|iPhone = Debug|iPhone
		Debug|iPhoneSimulator = Debug|iPhoneSimulator
		Debug|x64 = Debug|x64
		Debug|x86 = Debug|x86
		Release|Any CPU = Release|Any CPU
		Release|ARM = Release|ARM
		Release|iPhone = Release|iPhone
		Release|iPhoneSimulator = Release|iPhoneSimulator
		Release|x64 = Release|x64
		Release|x86 = Release|x86
	EndGlobalSection
	GlobalSection(ProjectConfigurationPlatforms) = postSolution
		{ADB850DC-0AF3-41E1-89E2-C85B9808766C}.Ad-Hoc|Any CPU.ActiveCfg = Release|Any CPU
		{ADB850DC-0AF3-41E1-89E2-C85B9808766C}.Ad-Hoc|Any CPU.Build.0 = Release|Any CPU
		{ADB850DC-0AF3-41E1-89E2-C85B9808766C}.Ad-Hoc|Any CPU.Deploy.0 = Release|Any CPU
		{ADB850DC-0AF3-41E1-89E2-C85B9808766C}.Ad-Hoc|ARM.ActiveCfg = Release|Any CPU
		{ADB850DC-0AF3-41E1-89E2-C85B9808766C}.Ad-Hoc|ARM.Build.0 = Release|Any CPU
		{ADB850DC-0AF3-41E1-89E2-C85B9808766C}.Ad-Hoc|ARM.Deploy.0 = Release|Any CPU
		{ADB850DC-0AF3-41E1-89E2-C85B9808766C}.Ad-Hoc|iPhone.ActiveCfg = Release|Any CPU
		{ADB850DC-0AF3-41E1-89E2-C85B9808766C}.Ad-Hoc|iPhone.Build.0 = Release|Any CPU
		{ADB850DC-0AF3-41E1-89E2-C85B9808766C}.Ad-Hoc|iPhone.Deploy.0 = Release|Any CPU
		{ADB850DC-0AF3-41E1-89E2-C85B9808766C}.Ad-Hoc|iPhoneSimulator.ActiveCfg = Release|Any CPU
		{ADB850DC-0AF3-41E1-89E2-C85B9808766C}.Ad-Hoc|iPhoneSimulator.Build.0 = Release|Any CPU
		{ADB850DC-0AF3-41E1-89E2-C85B9808766C}.Ad-Hoc|iPhoneSimulator.Deploy.0 = Release|Any CPU
		{ADB850DC-0AF3-41E1-89E2-C85B9808766C}.Ad-Hoc|x64.ActiveCfg = Release|Any CPU
		{ADB850DC-0AF3-41E1-89E2-C85B9808766C}.Ad-Hoc|x64.Build.0 = Release|Any CPU
		{ADB850DC-0AF3-41E1-89E2-C85B9808766C}.Ad-Hoc|x64.Deploy.0 = Release|Any CPU
		{ADB850DC-0AF3-41E1-89E2-C85B9808766C}.Ad-Hoc|x86.ActiveCfg = Release|Any CPU
		{ADB850DC-0AF3-41E1-89E2-C85B9808766C}.Ad-Hoc|x86.Build.0 = Release|Any CPU
		{ADB850DC-0AF3-41E1-89E2-C85B9808766C}.Ad-Hoc|x86.Deploy.0 = Release|Any CPU
		{ADB850DC-0AF3-41E1-89E2-C85B9808766C}.AppStore|Any CPU.ActiveCfg = Release|Any CPU
		{ADB850DC-0AF3-41E1-89E2-C85B9808766C}.AppStore|Any CPU.Build.0 = Release|Any CPU
		{ADB850DC-0AF3-41E1-89E2-C85B9808766C}.AppStore|Any CPU.Deploy.0 = Release|Any CPU
		{ADB850DC-0AF3-41E1-89E2-C85B9808766C}.AppStore|ARM.ActiveCfg = Release|Any CPU
		{ADB850DC-0AF3-41E1-89E2-C85B9808766C}.AppStore|ARM.Build.0 = Release|Any CPU
		{ADB850DC-0AF3-41E1-89E2-C85B9808766C}.AppStore|ARM.Deploy.0 = Release|Any CPU
		{ADB850DC-0AF3-41E1-89E2-C85B9808766C}.AppStore|iPhone.ActiveCfg = Release|Any CPU
		{ADB850DC-0AF3-41E1-89E2-C85B9808766C}.AppStore|iPhone.Build.0 = Release|Any CPU
		{ADB850DC-0AF3-41E1-89E2-C85B9808766C}.AppStore|iPhone.Deploy.0 = Release|Any CPU
		{ADB850DC-0AF3-41E1-89E2-C85B9808766C}.AppStore|iPhoneSimulator.ActiveCfg = Release|Any CPU
		{ADB850DC-0AF3-41E1-89E2-C85B9808766C}.AppStore|iPhoneSimulator.Build.0 = Release|Any CPU
		{ADB850DC-0AF3-41E1-89E2-C85B9808766C}.AppStore|iPhoneSimulator.Deploy.0 = Release|Any CPU
		{ADB850DC-0AF3-41E1-89E2-C85B9808766C}.AppStore|x64.ActiveCfg = Release|Any CPU
		{ADB850DC-0AF3-41E1-89E2-C85B9808766C}.AppStore|x64.Build.0 = Release|Any CPU
		{ADB850DC-0AF3-41E1-89E2-C85B9808766C}.AppStore|x64.Deploy.0 = Release|Any CPU
		{ADB850DC-0AF3-41E1-89E2-C85B9808766C}.AppStore|x86.ActiveCfg = Release|Any CPU
		{ADB850DC-0AF3-41E1-89E2-C85B9808766C}.AppStore|x86.Build.0 = Release|Any CPU
		{ADB850DC-0AF3-41E1-89E2-C85B9808766C}.AppStore|x86.Deploy.0 = Release|Any CPU
		{ADB850DC-0AF3-41E1-89E2-C85B9808766C}.Debug|Any CPU.ActiveCfg = Debug|Any CPU
		{ADB850DC-0AF3-41E1-89E2-C85B9808766C}.Debug|Any CPU.Build.0 = Debug|Any CPU
		{ADB850DC-0AF3-41E1-89E2-C85B9808766C}.Debug|Any CPU.Deploy.0 = Debug|Any CPU
		{ADB850DC-0AF3-41E1-89E2-C85B9808766C}.Debug|ARM.ActiveCfg = Debug|Any CPU
		{ADB850DC-0AF3-41E1-89E2-C85B9808766C}.Debug|ARM.Build.0 = Debug|Any CPU
		{ADB850DC-0AF3-41E1-89E2-C85B9808766C}.Debug|ARM.Deploy.0 = Debug|Any CPU
		{ADB850DC-0AF3-41E1-89E2-C85B9808766C}.Debug|iPhone.ActiveCfg = Debug|Any CPU
		{ADB850DC-0AF3-41E1-89E2-C85B9808766C}.Debug|iPhone.Build.0 = Debug|Any CPU
		{ADB850DC-0AF3-41E1-89E2-C85B9808766C}.Debug|iPhone.Deploy.0 = Debug|Any CPU
		{ADB850DC-0AF3-41E1-89E2-C85B9808766C}.Debug|iPhoneSimulator.ActiveCfg = Debug|Any CPU
		{ADB850DC-0AF3-41E1-89E2-C85B9808766C}.Debug|iPhoneSimulator.Build.0 = Debug|Any CPU
		{ADB850DC-0AF3-41E1-89E2-C85B9808766C}.Debug|iPhoneSimulator.Deploy.0 = Debug|Any CPU
		{ADB850DC-0AF3-41E1-89E2-C85B9808766C}.Debug|x64.ActiveCfg = Debug|Any CPU
		{ADB850DC-0AF3-41E1-89E2-C85B9808766C}.Debug|x64.Build.0 = Debug|Any CPU
		{ADB850DC-0AF3-41E1-89E2-C85B9808766C}.Debug|x64.Deploy.0 = Debug|Any CPU
		{ADB850DC-0AF3-41E1-89E2-C85B9808766C}.Debug|x86.ActiveCfg = Debug|Any CPU
		{ADB850DC-0AF3-41E1-89E2-C85B9808766C}.Debug|x86.Build.0 = Debug|Any CPU
		{ADB850DC-0AF3-41E1-89E2-C85B9808766C}.Debug|x86.Deploy.0 = Debug|Any CPU
		{ADB850DC-0AF3-41E1-89E2-C85B9808766C}.Release|Any CPU.ActiveCfg = Release|Any CPU
		{ADB850DC-0AF3-41E1-89E2-C85B9808766C}.Release|Any CPU.Build.0 = Release|Any CPU
		{ADB850DC-0AF3-41E1-89E2-C85B9808766C}.Release|Any CPU.Deploy.0 = Release|Any CPU
		{ADB850DC-0AF3-41E1-89E2-C85B9808766C}.Release|ARM.ActiveCfg = Release|Any CPU
		{ADB850DC-0AF3-41E1-89E2-C85B9808766C}.Release|ARM.Build.0 = Release|Any CPU
		{ADB850DC-0AF3-41E1-89E2-C85B9808766C}.Release|ARM.Deploy.0 = Release|Any CPU
		{ADB850DC-0AF3-41E1-89E2-C85B9808766C}.Release|iPhone.ActiveCfg = Release|Any CPU
		{ADB850DC-0AF3-41E1-89E2-C85B9808766C}.Release|iPhone.Build.0 = Release|Any CPU
		{ADB850DC-0AF3-41E1-89E2-C85B9808766C}.Release|iPhone.Deploy.0 = Release|Any CPU
		{ADB850DC-0AF3-41E1-89E2-C85B9808766C}.Release|iPhoneSimulator.ActiveCfg = Release|Any CPU
		{ADB850DC-0AF3-41E1-89E2-C85B9808766C}.Release|iPhoneSimulator.Build.0 = Release|Any CPU
		{ADB850DC-0AF3-41E1-89E2-C85B9808766C}.Release|iPhoneSimulator.Deploy.0 = Release|Any CPU
		{ADB850DC-0AF3-41E1-89E2-C85B9808766C}.Release|x64.ActiveCfg = Release|Any CPU
		{ADB850DC-0AF3-41E1-89E2-C85B9808766C}.Release|x64.Build.0 = Release|Any CPU
		{ADB850DC-0AF3-41E1-89E2-C85B9808766C}.Release|x64.Deploy.0 = Release|Any CPU
		{ADB850DC-0AF3-41E1-89E2-C85B9808766C}.Release|x86.ActiveCfg = Release|Any CPU
		{ADB850DC-0AF3-41E1-89E2-C85B9808766C}.Release|x86.Build.0 = Release|Any CPU
		{ADB850DC-0AF3-41E1-89E2-C85B9808766C}.Release|x86.Deploy.0 = Release|Any CPU
		{4983B9EF-0A8D-4DEC-80E1-D616FC629CFB}.Ad-Hoc|Any CPU.ActiveCfg = Ad-Hoc|iPhone
		{4983B9EF-0A8D-4DEC-80E1-D616FC629CFB}.Ad-Hoc|Any CPU.Build.0 = Ad-Hoc|iPhone
		{4983B9EF-0A8D-4DEC-80E1-D616FC629CFB}.Ad-Hoc|Any CPU.Deploy.0 = Ad-Hoc|iPhone
		{4983B9EF-0A8D-4DEC-80E1-D616FC629CFB}.Ad-Hoc|ARM.ActiveCfg = Ad-Hoc|iPhone
		{4983B9EF-0A8D-4DEC-80E1-D616FC629CFB}.Ad-Hoc|ARM.Build.0 = Ad-Hoc|iPhone
		{4983B9EF-0A8D-4DEC-80E1-D616FC629CFB}.Ad-Hoc|ARM.Deploy.0 = Ad-Hoc|iPhone
		{4983B9EF-0A8D-4DEC-80E1-D616FC629CFB}.Ad-Hoc|iPhone.ActiveCfg = Ad-Hoc|iPhone
		{4983B9EF-0A8D-4DEC-80E1-D616FC629CFB}.Ad-Hoc|iPhone.Build.0 = Ad-Hoc|iPhone
		{4983B9EF-0A8D-4DEC-80E1-D616FC629CFB}.Ad-Hoc|iPhone.Deploy.0 = Ad-Hoc|iPhone
		{4983B9EF-0A8D-4DEC-80E1-D616FC629CFB}.Ad-Hoc|iPhoneSimulator.ActiveCfg = Ad-Hoc|iPhoneSimulator
		{4983B9EF-0A8D-4DEC-80E1-D616FC629CFB}.Ad-Hoc|iPhoneSimulator.Build.0 = Ad-Hoc|iPhoneSimulator
		{4983B9EF-0A8D-4DEC-80E1-D616FC629CFB}.Ad-Hoc|iPhoneSimulator.Deploy.0 = Ad-Hoc|iPhoneSimulator
		{4983B9EF-0A8D-4DEC-80E1-D616FC629CFB}.Ad-Hoc|x64.ActiveCfg = Ad-Hoc|iPhone
		{4983B9EF-0A8D-4DEC-80E1-D616FC629CFB}.Ad-Hoc|x64.Build.0 = Ad-Hoc|iPhone
		{4983B9EF-0A8D-4DEC-80E1-D616FC629CFB}.Ad-Hoc|x64.Deploy.0 = Ad-Hoc|iPhone
		{4983B9EF-0A8D-4DEC-80E1-D616FC629CFB}.Ad-Hoc|x86.ActiveCfg = Ad-Hoc|iPhone
		{4983B9EF-0A8D-4DEC-80E1-D616FC629CFB}.Ad-Hoc|x86.Build.0 = Ad-Hoc|iPhone
		{4983B9EF-0A8D-4DEC-80E1-D616FC629CFB}.Ad-Hoc|x86.Deploy.0 = Ad-Hoc|iPhone
		{4983B9EF-0A8D-4DEC-80E1-D616FC629CFB}.AppStore|Any CPU.ActiveCfg = AppStore|iPhone
		{4983B9EF-0A8D-4DEC-80E1-D616FC629CFB}.AppStore|Any CPU.Build.0 = AppStore|iPhone
		{4983B9EF-0A8D-4DEC-80E1-D616FC629CFB}.AppStore|Any CPU.Deploy.0 = AppStore|iPhone
		{4983B9EF-0A8D-4DEC-80E1-D616FC629CFB}.AppStore|ARM.ActiveCfg = AppStore|iPhone
		{4983B9EF-0A8D-4DEC-80E1-D616FC629CFB}.AppStore|ARM.Build.0 = AppStore|iPhone
		{4983B9EF-0A8D-4DEC-80E1-D616FC629CFB}.AppStore|ARM.Deploy.0 = AppStore|iPhone
		{4983B9EF-0A8D-4DEC-80E1-D616FC629CFB}.AppStore|iPhone.ActiveCfg = AppStore|iPhone
		{4983B9EF-0A8D-4DEC-80E1-D616FC629CFB}.AppStore|iPhone.Build.0 = AppStore|iPhone
		{4983B9EF-0A8D-4DEC-80E1-D616FC629CFB}.AppStore|iPhone.Deploy.0 = AppStore|iPhone
		{4983B9EF-0A8D-4DEC-80E1-D616FC629CFB}.AppStore|iPhoneSimulator.ActiveCfg = AppStore|iPhoneSimulator
		{4983B9EF-0A8D-4DEC-80E1-D616FC629CFB}.AppStore|iPhoneSimulator.Build.0 = AppStore|iPhoneSimulator
		{4983B9EF-0A8D-4DEC-80E1-D616FC629CFB}.AppStore|iPhoneSimulator.Deploy.0 = AppStore|iPhoneSimulator
		{4983B9EF-0A8D-4DEC-80E1-D616FC629CFB}.AppStore|x64.ActiveCfg = AppStore|iPhone
		{4983B9EF-0A8D-4DEC-80E1-D616FC629CFB}.AppStore|x64.Build.0 = AppStore|iPhone
		{4983B9EF-0A8D-4DEC-80E1-D616FC629CFB}.AppStore|x64.Deploy.0 = AppStore|iPhone
		{4983B9EF-0A8D-4DEC-80E1-D616FC629CFB}.AppStore|x86.ActiveCfg = AppStore|iPhone
		{4983B9EF-0A8D-4DEC-80E1-D616FC629CFB}.AppStore|x86.Build.0 = AppStore|iPhone
		{4983B9EF-0A8D-4DEC-80E1-D616FC629CFB}.AppStore|x86.Deploy.0 = AppStore|iPhone
		{4983B9EF-0A8D-4DEC-80E1-D616FC629CFB}.Debug|Any CPU.ActiveCfg = Debug|iPhoneSimulator
		{4983B9EF-0A8D-4DEC-80E1-D616FC629CFB}.Debug|Any CPU.Build.0 = Debug|iPhoneSimulator
		{4983B9EF-0A8D-4DEC-80E1-D616FC629CFB}.Debug|Any CPU.Deploy.0 = Debug|iPhoneSimulator
		{4983B9EF-0A8D-4DEC-80E1-D616FC629CFB}.Debug|ARM.ActiveCfg = Debug|iPhone
		{4983B9EF-0A8D-4DEC-80E1-D616FC629CFB}.Debug|ARM.Build.0 = Debug|iPhone
		{4983B9EF-0A8D-4DEC-80E1-D616FC629CFB}.Debug|ARM.Deploy.0 = Debug|iPhone
		{4983B9EF-0A8D-4DEC-80E1-D616FC629CFB}.Debug|iPhone.ActiveCfg = Debug|iPhone
		{4983B9EF-0A8D-4DEC-80E1-D616FC629CFB}.Debug|iPhone.Build.0 = Debug|iPhone
		{4983B9EF-0A8D-4DEC-80E1-D616FC629CFB}.Debug|iPhone.Deploy.0 = Debug|iPhone
		{4983B9EF-0A8D-4DEC-80E1-D616FC629CFB}.Debug|iPhoneSimulator.ActiveCfg = Debug|iPhoneSimulator
		{4983B9EF-0A8D-4DEC-80E1-D616FC629CFB}.Debug|iPhoneSimulator.Build.0 = Debug|iPhoneSimulator
		{4983B9EF-0A8D-4DEC-80E1-D616FC629CFB}.Debug|iPhoneSimulator.Deploy.0 = Debug|iPhoneSimulator
		{4983B9EF-0A8D-4DEC-80E1-D616FC629CFB}.Debug|x64.ActiveCfg = Debug|iPhone
		{4983B9EF-0A8D-4DEC-80E1-D616FC629CFB}.Debug|x64.Build.0 = Debug|iPhone
		{4983B9EF-0A8D-4DEC-80E1-D616FC629CFB}.Debug|x64.Deploy.0 = Debug|iPhone
		{4983B9EF-0A8D-4DEC-80E1-D616FC629CFB}.Debug|x86.ActiveCfg = Debug|iPhone
		{4983B9EF-0A8D-4DEC-80E1-D616FC629CFB}.Debug|x86.Build.0 = Debug|iPhone
		{4983B9EF-0A8D-4DEC-80E1-D616FC629CFB}.Debug|x86.Deploy.0 = Debug|iPhone
		{4983B9EF-0A8D-4DEC-80E1-D616FC629CFB}.Release|Any CPU.ActiveCfg = Release|iPhone
		{4983B9EF-0A8D-4DEC-80E1-D616FC629CFB}.Release|Any CPU.Build.0 = Release|iPhone
		{4983B9EF-0A8D-4DEC-80E1-D616FC629CFB}.Release|Any CPU.Deploy.0 = Release|iPhone
		{4983B9EF-0A8D-4DEC-80E1-D616FC629CFB}.Release|ARM.ActiveCfg = Release|iPhone
		{4983B9EF-0A8D-4DEC-80E1-D616FC629CFB}.Release|ARM.Build.0 = Release|iPhone
		{4983B9EF-0A8D-4DEC-80E1-D616FC629CFB}.Release|ARM.Deploy.0 = Release|iPhone
		{4983B9EF-0A8D-4DEC-80E1-D616FC629CFB}.Release|iPhone.ActiveCfg = Release|iPhone
		{4983B9EF-0A8D-4DEC-80E1-D616FC629CFB}.Release|iPhone.Build.0 = Release|iPhone
		{4983B9EF-0A8D-4DEC-80E1-D616FC629CFB}.Release|iPhone.Deploy.0 = Release|iPhone
		{4983B9EF-0A8D-4DEC-80E1-D616FC629CFB}.Release|iPhoneSimulator.ActiveCfg = Release|iPhoneSimulator
		{4983B9EF-0A8D-4DEC-80E1-D616FC629CFB}.Release|iPhoneSimulator.Build.0 = Release|iPhoneSimulator
		{4983B9EF-0A8D-4DEC-80E1-D616FC629CFB}.Release|iPhoneSimulator.Deploy.0 = Release|iPhoneSimulator
		{4983B9EF-0A8D-4DEC-80E1-D616FC629CFB}.Release|x64.ActiveCfg = Release|iPhone
		{4983B9EF-0A8D-4DEC-80E1-D616FC629CFB}.Release|x64.Build.0 = Release|iPhone
		{4983B9EF-0A8D-4DEC-80E1-D616FC629CFB}.Release|x64.Deploy.0 = Release|iPhone
		{4983B9EF-0A8D-4DEC-80E1-D616FC629CFB}.Release|x86.ActiveCfg = Release|iPhone
		{4983B9EF-0A8D-4DEC-80E1-D616FC629CFB}.Release|x86.Build.0 = Release|iPhone
		{4983B9EF-0A8D-4DEC-80E1-D616FC629CFB}.Release|x86.Deploy.0 = Release|iPhone
		{B68D9010-A99B-4CB8-A565-6C64120BBB9A}.Ad-Hoc|Any CPU.ActiveCfg = Release|x86
		{B68D9010-A99B-4CB8-A565-6C64120BBB9A}.Ad-Hoc|Any CPU.Build.0 = Release|x86
		{B68D9010-A99B-4CB8-A565-6C64120BBB9A}.Ad-Hoc|Any CPU.Deploy.0 = Release|x86
		{B68D9010-A99B-4CB8-A565-6C64120BBB9A}.Ad-Hoc|ARM.ActiveCfg = Release|ARM
		{B68D9010-A99B-4CB8-A565-6C64120BBB9A}.Ad-Hoc|ARM.Build.0 = Release|ARM
		{B68D9010-A99B-4CB8-A565-6C64120BBB9A}.Ad-Hoc|ARM.Deploy.0 = Release|ARM
		{B68D9010-A99B-4CB8-A565-6C64120BBB9A}.Ad-Hoc|iPhone.ActiveCfg = Release|x86
		{B68D9010-A99B-4CB8-A565-6C64120BBB9A}.Ad-Hoc|iPhone.Build.0 = Release|x86
		{B68D9010-A99B-4CB8-A565-6C64120BBB9A}.Ad-Hoc|iPhone.Deploy.0 = Release|x86
		{B68D9010-A99B-4CB8-A565-6C64120BBB9A}.Ad-Hoc|iPhoneSimulator.ActiveCfg = Release|x86
		{B68D9010-A99B-4CB8-A565-6C64120BBB9A}.Ad-Hoc|iPhoneSimulator.Build.0 = Release|x86
		{B68D9010-A99B-4CB8-A565-6C64120BBB9A}.Ad-Hoc|iPhoneSimulator.Deploy.0 = Release|x86
		{B68D9010-A99B-4CB8-A565-6C64120BBB9A}.Ad-Hoc|x64.ActiveCfg = Release|x64
		{B68D9010-A99B-4CB8-A565-6C64120BBB9A}.Ad-Hoc|x64.Build.0 = Release|x64
		{B68D9010-A99B-4CB8-A565-6C64120BBB9A}.Ad-Hoc|x64.Deploy.0 = Release|x64
		{B68D9010-A99B-4CB8-A565-6C64120BBB9A}.Ad-Hoc|x86.ActiveCfg = Release|x86
		{B68D9010-A99B-4CB8-A565-6C64120BBB9A}.Ad-Hoc|x86.Build.0 = Release|x86
		{B68D9010-A99B-4CB8-A565-6C64120BBB9A}.Ad-Hoc|x86.Deploy.0 = Release|x86
		{B68D9010-A99B-4CB8-A565-6C64120BBB9A}.AppStore|Any CPU.ActiveCfg = Release|x86
		{B68D9010-A99B-4CB8-A565-6C64120BBB9A}.AppStore|Any CPU.Build.0 = Release|x86
		{B68D9010-A99B-4CB8-A565-6C64120BBB9A}.AppStore|Any CPU.Deploy.0 = Release|x86
		{B68D9010-A99B-4CB8-A565-6C64120BBB9A}.AppStore|ARM.ActiveCfg = Release|ARM
		{B68D9010-A99B-4CB8-A565-6C64120BBB9A}.AppStore|ARM.Build.0 = Release|ARM
		{B68D9010-A99B-4CB8-A565-6C64120BBB9A}.AppStore|ARM.Deploy.0 = Release|ARM
		{B68D9010-A99B-4CB8-A565-6C64120BBB9A}.AppStore|iPhone.ActiveCfg = Release|x86
		{B68D9010-A99B-4CB8-A565-6C64120BBB9A}.AppStore|iPhone.Build.0 = Release|x86
		{B68D9010-A99B-4CB8-A565-6C64120BBB9A}.AppStore|iPhone.Deploy.0 = Release|x86
		{B68D9010-A99B-4CB8-A565-6C64120BBB9A}.AppStore|iPhoneSimulator.ActiveCfg = Release|x86
		{B68D9010-A99B-4CB8-A565-6C64120BBB9A}.AppStore|iPhoneSimulator.Build.0 = Release|x86
		{B68D9010-A99B-4CB8-A565-6C64120BBB9A}.AppStore|iPhoneSimulator.Deploy.0 = Release|x86
		{B68D9010-A99B-4CB8-A565-6C64120BBB9A}.AppStore|x64.ActiveCfg = Release|x64
		{B68D9010-A99B-4CB8-A565-6C64120BBB9A}.AppStore|x64.Build.0 = Release|x64
		{B68D9010-A99B-4CB8-A565-6C64120BBB9A}.AppStore|x64.Deploy.0 = Release|x64
		{B68D9010-A99B-4CB8-A565-6C64120BBB9A}.AppStore|x86.ActiveCfg = Release|x86
		{B68D9010-A99B-4CB8-A565-6C64120BBB9A}.AppStore|x86.Build.0 = Release|x86
		{B68D9010-A99B-4CB8-A565-6C64120BBB9A}.AppStore|x86.Deploy.0 = Release|x86
		{B68D9010-A99B-4CB8-A565-6C64120BBB9A}.Debug|Any CPU.ActiveCfg = Debug|x86
		{B68D9010-A99B-4CB8-A565-6C64120BBB9A}.Debug|Any CPU.Build.0 = Debug|x86
		{B68D9010-A99B-4CB8-A565-6C64120BBB9A}.Debug|Any CPU.Deploy.0 = Debug|x86
		{B68D9010-A99B-4CB8-A565-6C64120BBB9A}.Debug|ARM.ActiveCfg = Debug|ARM
		{B68D9010-A99B-4CB8-A565-6C64120BBB9A}.Debug|ARM.Build.0 = Debug|ARM
		{B68D9010-A99B-4CB8-A565-6C64120BBB9A}.Debug|ARM.Deploy.0 = Debug|ARM
		{B68D9010-A99B-4CB8-A565-6C64120BBB9A}.Debug|iPhone.ActiveCfg = Debug|x86
		{B68D9010-A99B-4CB8-A565-6C64120BBB9A}.Debug|iPhone.Build.0 = Debug|x86
		{B68D9010-A99B-4CB8-A565-6C64120BBB9A}.Debug|iPhone.Deploy.0 = Debug|x86
		{B68D9010-A99B-4CB8-A565-6C64120BBB9A}.Debug|iPhoneSimulator.ActiveCfg = Debug|x86
		{B68D9010-A99B-4CB8-A565-6C64120BBB9A}.Debug|iPhoneSimulator.Build.0 = Debug|x86
		{B68D9010-A99B-4CB8-A565-6C64120BBB9A}.Debug|iPhoneSimulator.Deploy.0 = Debug|x86
		{B68D9010-A99B-4CB8-A565-6C64120BBB9A}.Debug|x64.ActiveCfg = Debug|x64
		{B68D9010-A99B-4CB8-A565-6C64120BBB9A}.Debug|x64.Build.0 = Debug|x64
		{B68D9010-A99B-4CB8-A565-6C64120BBB9A}.Debug|x64.Deploy.0 = Debug|x64
		{B68D9010-A99B-4CB8-A565-6C64120BBB9A}.Debug|x86.ActiveCfg = Debug|x86
		{B68D9010-A99B-4CB8-A565-6C64120BBB9A}.Debug|x86.Build.0 = Debug|x86
		{B68D9010-A99B-4CB8-A565-6C64120BBB9A}.Debug|x86.Deploy.0 = Debug|x86
		{B68D9010-A99B-4CB8-A565-6C64120BBB9A}.Release|Any CPU.ActiveCfg = Release|x86
		{B68D9010-A99B-4CB8-A565-6C64120BBB9A}.Release|Any CPU.Build.0 = Release|x86
		{B68D9010-A99B-4CB8-A565-6C64120BBB9A}.Release|Any CPU.Deploy.0 = Release|x86
		{B68D9010-A99B-4CB8-A565-6C64120BBB9A}.Release|ARM.ActiveCfg = Release|ARM
		{B68D9010-A99B-4CB8-A565-6C64120BBB9A}.Release|ARM.Build.0 = Release|ARM
		{B68D9010-A99B-4CB8-A565-6C64120BBB9A}.Release|ARM.Deploy.0 = Release|ARM
		{B68D9010-A99B-4CB8-A565-6C64120BBB9A}.Release|iPhone.ActiveCfg = Release|x86
		{B68D9010-A99B-4CB8-A565-6C64120BBB9A}.Release|iPhone.Build.0 = Release|x86
		{B68D9010-A99B-4CB8-A565-6C64120BBB9A}.Release|iPhone.Deploy.0 = Release|x86
		{B68D9010-A99B-4CB8-A565-6C64120BBB9A}.Release|iPhoneSimulator.ActiveCfg = Release|x86
		{B68D9010-A99B-4CB8-A565-6C64120BBB9A}.Release|iPhoneSimulator.Build.0 = Release|x86
		{B68D9010-A99B-4CB8-A565-6C64120BBB9A}.Release|iPhoneSimulator.Deploy.0 = Release|x86
		{B68D9010-A99B-4CB8-A565-6C64120BBB9A}.Release|x64.ActiveCfg = Release|x64
		{B68D9010-A99B-4CB8-A565-6C64120BBB9A}.Release|x64.Build.0 = Release|x64
		{B68D9010-A99B-4CB8-A565-6C64120BBB9A}.Release|x64.Deploy.0 = Release|x64
		{B68D9010-A99B-4CB8-A565-6C64120BBB9A}.Release|x86.ActiveCfg = Release|x86
		{B68D9010-A99B-4CB8-A565-6C64120BBB9A}.Release|x86.Build.0 = Release|x86
		{B68D9010-A99B-4CB8-A565-6C64120BBB9A}.Release|x86.Deploy.0 = Release|x86
		{C965A75C-CA0D-431E-A56D-77245AD2E87A}.Ad-Hoc|Any CPU.ActiveCfg = Debug|Any CPU
		{C965A75C-CA0D-431E-A56D-77245AD2E87A}.Ad-Hoc|Any CPU.Build.0 = Debug|Any CPU
		{C965A75C-CA0D-431E-A56D-77245AD2E87A}.Ad-Hoc|Any CPU.Deploy.0 = Debug|Any CPU
		{C965A75C-CA0D-431E-A56D-77245AD2E87A}.Ad-Hoc|ARM.ActiveCfg = Debug|Any CPU
		{C965A75C-CA0D-431E-A56D-77245AD2E87A}.Ad-Hoc|ARM.Build.0 = Debug|Any CPU
		{C965A75C-CA0D-431E-A56D-77245AD2E87A}.Ad-Hoc|ARM.Deploy.0 = Debug|Any CPU
		{C965A75C-CA0D-431E-A56D-77245AD2E87A}.Ad-Hoc|iPhone.ActiveCfg = Debug|Any CPU
		{C965A75C-CA0D-431E-A56D-77245AD2E87A}.Ad-Hoc|iPhone.Build.0 = Debug|Any CPU
		{C965A75C-CA0D-431E-A56D-77245AD2E87A}.Ad-Hoc|iPhone.Deploy.0 = Debug|Any CPU
		{C965A75C-CA0D-431E-A56D-77245AD2E87A}.Ad-Hoc|iPhoneSimulator.ActiveCfg = Debug|Any CPU
		{C965A75C-CA0D-431E-A56D-77245AD2E87A}.Ad-Hoc|iPhoneSimulator.Build.0 = Debug|Any CPU
		{C965A75C-CA0D-431E-A56D-77245AD2E87A}.Ad-Hoc|iPhoneSimulator.Deploy.0 = Debug|Any CPU
		{C965A75C-CA0D-431E-A56D-77245AD2E87A}.Ad-Hoc|x64.ActiveCfg = Debug|Any CPU
		{C965A75C-CA0D-431E-A56D-77245AD2E87A}.Ad-Hoc|x64.Build.0 = Debug|Any CPU
		{C965A75C-CA0D-431E-A56D-77245AD2E87A}.Ad-Hoc|x64.Deploy.0 = Debug|Any CPU
		{C965A75C-CA0D-431E-A56D-77245AD2E87A}.Ad-Hoc|x86.ActiveCfg = Debug|Any CPU
		{C965A75C-CA0D-431E-A56D-77245AD2E87A}.Ad-Hoc|x86.Build.0 = Debug|Any CPU
		{C965A75C-CA0D-431E-A56D-77245AD2E87A}.Ad-Hoc|x86.Deploy.0 = Debug|Any CPU
		{C965A75C-CA0D-431E-A56D-77245AD2E87A}.AppStore|Any CPU.ActiveCfg = Debug|Any CPU
		{C965A75C-CA0D-431E-A56D-77245AD2E87A}.AppStore|Any CPU.Build.0 = Debug|Any CPU
		{C965A75C-CA0D-431E-A56D-77245AD2E87A}.AppStore|Any CPU.Deploy.0 = Debug|Any CPU
		{C965A75C-CA0D-431E-A56D-77245AD2E87A}.AppStore|ARM.ActiveCfg = Debug|Any CPU
		{C965A75C-CA0D-431E-A56D-77245AD2E87A}.AppStore|ARM.Build.0 = Debug|Any CPU
		{C965A75C-CA0D-431E-A56D-77245AD2E87A}.AppStore|ARM.Deploy.0 = Debug|Any CPU
		{C965A75C-CA0D-431E-A56D-77245AD2E87A}.AppStore|iPhone.ActiveCfg = Debug|Any CPU
		{C965A75C-CA0D-431E-A56D-77245AD2E87A}.AppStore|iPhone.Build.0 = Debug|Any CPU
		{C965A75C-CA0D-431E-A56D-77245AD2E87A}.AppStore|iPhone.Deploy.0 = Debug|Any CPU
		{C965A75C-CA0D-431E-A56D-77245AD2E87A}.AppStore|iPhoneSimulator.ActiveCfg = Debug|Any CPU
		{C965A75C-CA0D-431E-A56D-77245AD2E87A}.AppStore|iPhoneSimulator.Build.0 = Debug|Any CPU
		{C965A75C-CA0D-431E-A56D-77245AD2E87A}.AppStore|iPhoneSimulator.Deploy.0 = Debug|Any CPU
		{C965A75C-CA0D-431E-A56D-77245AD2E87A}.AppStore|x64.ActiveCfg = Debug|Any CPU
		{C965A75C-CA0D-431E-A56D-77245AD2E87A}.AppStore|x64.Build.0 = Debug|Any CPU
		{C965A75C-CA0D-431E-A56D-77245AD2E87A}.AppStore|x64.Deploy.0 = Debug|Any CPU
		{C965A75C-CA0D-431E-A56D-77245AD2E87A}.AppStore|x86.ActiveCfg = Debug|Any CPU
		{C965A75C-CA0D-431E-A56D-77245AD2E87A}.AppStore|x86.Build.0 = Debug|Any CPU
		{C965A75C-CA0D-431E-A56D-77245AD2E87A}.AppStore|x86.Deploy.0 = Debug|Any CPU
		{C965A75C-CA0D-431E-A56D-77245AD2E87A}.Debug|Any CPU.ActiveCfg = Debug|Any CPU
		{C965A75C-CA0D-431E-A56D-77245AD2E87A}.Debug|Any CPU.Build.0 = Debug|Any CPU
		{C965A75C-CA0D-431E-A56D-77245AD2E87A}.Debug|Any CPU.Deploy.0 = Debug|Any CPU
		{C965A75C-CA0D-431E-A56D-77245AD2E87A}.Debug|ARM.ActiveCfg = Debug|Any CPU
		{C965A75C-CA0D-431E-A56D-77245AD2E87A}.Debug|ARM.Build.0 = Debug|Any CPU
		{C965A75C-CA0D-431E-A56D-77245AD2E87A}.Debug|ARM.Deploy.0 = Debug|Any CPU
		{C965A75C-CA0D-431E-A56D-77245AD2E87A}.Debug|iPhone.ActiveCfg = Debug|Any CPU
		{C965A75C-CA0D-431E-A56D-77245AD2E87A}.Debug|iPhone.Build.0 = Debug|Any CPU
		{C965A75C-CA0D-431E-A56D-77245AD2E87A}.Debug|iPhone.Deploy.0 = Debug|Any CPU
		{C965A75C-CA0D-431E-A56D-77245AD2E87A}.Debug|iPhoneSimulator.ActiveCfg = Debug|Any CPU
		{C965A75C-CA0D-431E-A56D-77245AD2E87A}.Debug|iPhoneSimulator.Build.0 = Debug|Any CPU
		{C965A75C-CA0D-431E-A56D-77245AD2E87A}.Debug|iPhoneSimulator.Deploy.0 = Debug|Any CPU
		{C965A75C-CA0D-431E-A56D-77245AD2E87A}.Debug|x64.ActiveCfg = Debug|Any CPU
		{C965A75C-CA0D-431E-A56D-77245AD2E87A}.Debug|x64.Build.0 = Debug|Any CPU
		{C965A75C-CA0D-431E-A56D-77245AD2E87A}.Debug|x64.Deploy.0 = Debug|Any CPU
		{C965A75C-CA0D-431E-A56D-77245AD2E87A}.Debug|x86.ActiveCfg = Debug|Any CPU
		{C965A75C-CA0D-431E-A56D-77245AD2E87A}.Debug|x86.Build.0 = Debug|Any CPU
		{C965A75C-CA0D-431E-A56D-77245AD2E87A}.Debug|x86.Deploy.0 = Debug|Any CPU
		{C965A75C-CA0D-431E-A56D-77245AD2E87A}.Release|Any CPU.ActiveCfg = Release|Any CPU
		{C965A75C-CA0D-431E-A56D-77245AD2E87A}.Release|Any CPU.Build.0 = Release|Any CPU
		{C965A75C-CA0D-431E-A56D-77245AD2E87A}.Release|Any CPU.Deploy.0 = Release|Any CPU
		{C965A75C-CA0D-431E-A56D-77245AD2E87A}.Release|ARM.ActiveCfg = Release|Any CPU
		{C965A75C-CA0D-431E-A56D-77245AD2E87A}.Release|ARM.Build.0 = Release|Any CPU
		{C965A75C-CA0D-431E-A56D-77245AD2E87A}.Release|ARM.Deploy.0 = Release|Any CPU
		{C965A75C-CA0D-431E-A56D-77245AD2E87A}.Release|iPhone.ActiveCfg = Release|Any CPU
		{C965A75C-CA0D-431E-A56D-77245AD2E87A}.Release|iPhone.Build.0 = Release|Any CPU
		{C965A75C-CA0D-431E-A56D-77245AD2E87A}.Release|iPhone.Deploy.0 = Release|Any CPU
		{C965A75C-CA0D-431E-A56D-77245AD2E87A}.Release|iPhoneSimulator.ActiveCfg = Release|Any CPU
		{C965A75C-CA0D-431E-A56D-77245AD2E87A}.Release|iPhoneSimulator.Build.0 = Release|Any CPU
		{C965A75C-CA0D-431E-A56D-77245AD2E87A}.Release|iPhoneSimulator.Deploy.0 = Release|Any CPU
		{C965A75C-CA0D-431E-A56D-77245AD2E87A}.Release|x64.ActiveCfg = Release|Any CPU
		{C965A75C-CA0D-431E-A56D-77245AD2E87A}.Release|x64.Build.0 = Release|Any CPU
		{C965A75C-CA0D-431E-A56D-77245AD2E87A}.Release|x64.Deploy.0 = Release|Any CPU
		{C965A75C-CA0D-431E-A56D-77245AD2E87A}.Release|x86.ActiveCfg = Release|Any CPU
		{C965A75C-CA0D-431E-A56D-77245AD2E87A}.Release|x86.Build.0 = Release|Any CPU
		{C965A75C-CA0D-431E-A56D-77245AD2E87A}.Release|x86.Deploy.0 = Release|Any CPU
	EndGlobalSection
	GlobalSection(SolutionProperties) = preSolution
		HideSolutionNode = FALSE
	EndGlobalSection
	GlobalSection(ExtensibilityGlobals) = postSolution
		SolutionGuid = {50AE8AA6-DA49-439F-973E-4522474B193F}
	EndGlobalSection
EndGlobal
